
Microsoft Visual Studio Solution File, Format Version 12.00
# Visual Studio Version 17
VisualStudioVersion = 17.4.33403.182
MinimumVisualStudioVersion = 10.0.40219.1
Project("{E24C65DC-7377-472B-9ABA-BC803B73C61A}") = "Kafe", "Kafe\", "{2C4B4C3E-C9CA-49F6-9263-91F56CB81441}"
	ProjectSection(WebsiteProperties) = preProject
		TargetFrameworkMoniker = ".NETFramework,Version%3Dv4.7.2"
		Debug.AspNetCompiler.VirtualPath = "/localhost_61270"
		Debug.AspNetCompiler.PhysicalPath = "Kafe\"
		Debug.AspNetCompiler.TargetPath = "PrecompiledWeb\localhost_61270\"
		Debug.AspNetCompiler.Updateable = "true"
		Debug.AspNetCompiler.ForceOverwrite = "true"
		Debug.AspNetCompiler.FixedNames = "false"
		Debug.AspNetCompiler.Debug = "True"
		Release.AspNetCompiler.VirtualPath = "/localhost_61270"
		Release.AspNetCompiler.PhysicalPath = "Kafe\"
		Release.AspNetCompiler.TargetPath = "PrecompiledWeb\localhost_61270\"
		Release.AspNetCompiler.Updateable = "true"
		Release.AspNetCompiler.ForceOverwrite = "true"
		Release.AspNetCompiler.FixedNames = "false"
		Release.AspNetCompiler.Debug = "False"
		VWDPort = "61270"
		SlnRelativePath = "Kafe\"
		DefaultWebSiteLanguage = "Visual C#"
	EndProjectSection
EndProject
Global
	GlobalSection(SolutionConfigurationPlatforms) = preSolution
		Debug|Any CPU = Debug|Any CPU
	EndGlobalSection
	GlobalSection(ProjectConfigurationPlatforms) = postSolution
		{2C4B4C3E-C9CA-49F6-9263-91F56CB81441}.Debug|Any CPU.ActiveCfg = Debug|Any CPU
		{2C4B4C3E-C9CA-49F6-9263-91F56CB81441}.Debug|Any CPU.Build.0 = Debug|Any CPU
	EndGlobalSection
	GlobalSection(SolutionProperties) = preSolution
		HideSolutionNode = FALSE
	EndGlobalSection
	GlobalSection(ExtensibilityGlobals) = postSolution
		SolutionGuid = {D160999B-D380-4375-9B8B-E63457B2C07D}
	EndGlobalSection
EndGlobal
